{
    "_meta": {
        "hash": {
            "sha256": "32ea889604fc1353459ed33e39527f602f37f1f89142456036b79da15d2be380"
        },
        "pipfile-spec": 6,
        "requires": {
            "python_version": "3.12"
        },
        "sources": [
            {
                "name": "pypi",
                "url": "https://pypi.org/simple",
                "verify_ssl": true
            }
        ]
    },
    "default": {},
    "develop": {}
}
